// !$*UTF8*$!
{
	archiveVersion = 1;
	classes = {
	};
	objectVersion = 77;
	objects = {

/* Begin PBXBuildFile section */
		BDA2E8A12FDCEFB0002B9364 /* GhosttyKit.xcframework in Frameworks */ = {isa = PBXBuildFile; fileRef = BDA2E8A02FDCEFB0002B9364 /* GhosttyKit.xcframework */; };
		BDA2E8B22FDE4200002B9364 /* GRDB in Frameworks */ = {isa = PBXBuildFile; productRef = BDA2E8B12FDE4200002B9364 /* GRDB */; };
/* End PBXBuildFile section */

/* Begin PBXContainerItemProxy section */
		BDA2E87D2FDCEFB0002B9364 /* PBXContainerItemProxy */ = {
			isa = PBXContainerItemProxy;
			containerPortal = BDA2E8672FDCEFAF002B9364 /* Project object */;
			proxyType = 1;
			remoteGlobalIDString = BDA2E86E2FDCEFAF002B9364;
			remoteInfo = PathDeck;
		};
		BDA2E8872FDCEFB0002B9364 /* PBXContainerItemProxy */ = {
			isa = PBXContainerItemProxy;
			containerPortal = BDA2E8672FDCEFAF002B9364 /* Project object */;
			proxyType = 1;
			remoteGlobalIDString = BDA2E86E2FDCEFAF002B9364;
			remoteInfo = PathDeck;
		};
/* End PBXContainerItemProxy section */

/* Begin PBXFileReference section */
		BDA2E86F2FDCEFAF002B9364 /* PathDeck.app */ = {isa = PBXFileReference; explicitFileType = wrapper.application; includeInIndex = 0; path = PathDeck.app; sourceTree = BUILT_PRODUCTS_DIR; };
		BDA2E87C2FDCEFB0002B9364 /* PathDeckTests.xctest */ = {isa = PBXFileReference; explicitFileType = wrapper.cfbundle; includeInIndex = 0; path = PathDeckTests.xctest; sourceTree = BUILT_PRODUCTS_DIR; };
		BDA2E8862FDCEFB0002B9364 /* PathDeckUITests.xctest */ = {isa = PBXFileReference; explicitFileType = wrapper.cfbundle; includeInIndex = 0; path = PathDeckUITests.xctest; sourceTree = BUILT_PRODUCTS_DIR; };
		BDA2E8A02FDCEFB0002B9364 /* GhosttyKit.xcframework */ = {isa = PBXFileReference; lastKnownFileType = wrapper.xcframework; name = GhosttyKit.xcframework; path = vendor/GhosttyKit.xcframework; sourceTree = "<group>"; };
/* End PBXFileReference section */

/* Begin PBXFileSystemSynchronizedBuildFileExceptionSet section */
		BDA2E8A32FDCEFB0002B9364 /* Exceptions for "PathDeck" folder in "PathDeck" target */ = {
			isa = PBXFileSystemSynchronizedBuildFileExceptionSet;
			membershipExceptions = (
				ChangeJournal/AGENTS.md,
				FileWorkspace/AGENTS.md,
				Terminal/AGENTS.md,
			);
			target = BDA2E86E2FDCEFAF002B9364 /* PathDeck */;
		};
/* End PBXFileSystemSynchronizedBuildFileExceptionSet section */

/* Begin PBXFileSystemSynchronizedRootGroup section */
		BDA2E8712FDCEFAF002B9364 /* PathDeck */ = {
			isa = PBXFileSystemSynchronizedRootGroup;
			exceptions = (
				BDA2E8A32FDCEFB0002B9364 /* Exceptions for "PathDeck" folder in "PathDeck" target */,
			);
			path = PathDeck;
			sourceTree = "<group>";
		};
		BDA2E87F2FDCEFB0002B9364 /* PathDeckTests */ = {
			isa = PBXFileSystemSynchronizedRootGroup;
			path = PathDeckTests;
			sourceTree = "<group>";
		};
		BDA2E8892FDCEFB0002B9364 /* PathDeckUITests */ = {
			isa = PBXFileSystemSynchronizedRootGroup;
			path = PathDeckUITests;
			sourceTree = "<group>";
		};
/* End PBXFileSystemSynchronizedRootGroup section */

/* Begin PBXFrameworksBuildPhase section */
		BDA2E86C2FDCEFAF002B9364 /* Frameworks */ = {
			isa = PBXFrameworksBuildPhase;
			buildActionMask = 2147483647;
			files = (
				BDA2E8A12FDCEFB0002B9364 /* GhosttyKit.xcframework in Frameworks */,
				BDA2E8B22FDE4200002B9364 /* GRDB in Frameworks */,
			);
			runOnlyForDeploymentPostprocessing = 0;
		};
		BDA2E8792FDCEFB0002B9364 /* Frameworks */ = {
			isa = PBXFrameworksBuildPhase;
			buildActionMask = 2147483647;
			files = (
			);
			runOnlyForDeploymentPostprocessing = 0;
		};
		BDA2E8832FDCEFB0002B9364 /* Frameworks */ = {
			isa = PBXFrameworksBuildPhase;
			buildActionMask = 2147483647;
			files = (
			);
			runOnlyForDeploymentPostprocessing = 0;
		};
/* End PBXFrameworksBuildPhase section */

/* Begin PBXGroup section */
		BDA2E8662FDCEFAF002B9364 = {
			isa = PBXGroup;
			children = (
				BDA2E8712FDCEFAF002B9364 /* PathDeck */,
				BDA2E87F2FDCEFB0002B9364 /* PathDeckTests */,
				BDA2E8892FDCEFB0002B9364 /* PathDeckUITests */,
				BDA2E8A22FDCEFB0002B9364 /* Frameworks */,
				BDA2E8702FDCEFAF002B9364 /* Products */,
			);
			sourceTree = "<group>";
		};
		BDA2E8702FDCEFAF002B9364 /* Products */ = {
			isa = PBXGroup;
			children = (
				BDA2E86F2FDCEFAF002B9364 /* PathDeck.app */,
				BDA2E87C2FDCEFB0002B9364 /* PathDeckTests.xctest */,
				BDA2E8862FDCEFB0002B9364 /* PathDeckUITests.xctest */,
			);
			name = Products;
			sourceTree = "<group>";
		};
		BDA2E8A22FDCEFB0002B9364 /* Frameworks */ = {
			isa = PBXGroup;
			children = (
				BDA2E8A02FDCEFB0002B9364 /* GhosttyKit.xcframework */,
			);
			name = Frameworks;
			sourceTree = "<group>";
		};
/* End PBXGroup section */

/* Begin PBXNativeTarget section */
		BDA2E86E2FDCEFAF002B9364 /* PathDeck */ = {
			isa = PBXNativeTarget;
			buildConfigurationList = BDA2E8902FDCEFB0002B9364 /* Build configuration list for PBXNativeTarget "PathDeck" */;
			buildPhases = (
				BDA2E86B2FDCEFAF002B9364 /* Sources */,
				BDA2E86C2FDCEFAF002B9364 /* Frameworks */,
				BDA2E86D2FDCEFAF002B9364 /* Resources */,
			);
			buildRules = (
			);
			dependencies = (
			);
			fileSystemSynchronizedGroups = (
				BDA2E8712FDCEFAF002B9364 /* PathDeck */,
			);
			name = PathDeck;
			packageProductDependencies = (
				BDA2E8B12FDE4200002B9364 /* GRDB */,
			);
			productName = PathDeck;
			productReference = BDA2E86F2FDCEFAF002B9364 /* PathDeck.app */;
			productType = "com.apple.product-type.application";
		};
		BDA2E87B2FDCEFB0002B9364 /* PathDeckTests */ = {
			isa = PBXNativeTarget;
			buildConfigurationList = BDA2E8932FDCEFB0002B9364 /* Build configuration list for PBXNativeTarget "PathDeckTests" */;
			buildPhases = (
				BDA2E8782FDCEFB0002B9364 /* Sources */,
				BDA2E8792FDCEFB0002B9364 /* Frameworks */,
				BDA2E87A2FDCEFB0002B9364 /* Resources */,
			);
			buildRules = (
			);
			dependencies = (
				BDA2E87E2FDCEFB0002B9364 /* PBXTargetDependency */,
			);
			fileSystemSynchronizedGroups = (
				BDA2E87F2FDCEFB0002B9364 /* PathDeckTests */,
			);
			name = PathDeckTests;
			packageProductDependencies = (
			);
			productName = PathDeckTests;
			productReference = BDA2E87C2FDCEFB0002B9364 /* PathDeckTests.xctest */;
			productType = "com.apple.product-type.bundle.unit-test";
		};
		BDA2E8852FDCEFB0002B9364 /* PathDeckUITests */ = {
			isa = PBXNativeTarget;
			buildConfigurationList = BDA2E8962FDCEFB0002B9364 /* Build configuration list for PBXNativeTarget "PathDeckUITests" */;
			buildPhases = (
				BDA2E8822FDCEFB0002B9364 /* Sources */,
				BDA2E8832FDCEFB0002B9364 /* Frameworks */,
				BDA2E8842FDCEFB0002B9364 /* Resources */,
			);
			buildRules = (
			);
			dependencies = (
				BDA2E8882FDCEFB0002B9364 /* PBXTargetDependency */,
			);
			fileSystemSynchronizedGroups = (
				BDA2E8892FDCEFB0002B9364 /* PathDeckUITests */,
			);
			name = PathDeckUITests;
			packageProductDependencies = (
			);
			productName = PathDeckUITests;
			productReference = BDA2E8862FDCEFB0002B9364 /* PathDeckUITests.xctest */;
			productType = "com.apple.product-type.bundle.ui-testing";
		};
/* End PBXNativeTarget section */

/* Begin PBXProject section */
		BDA2E8672FDCEFAF002B9364 /* Project object */ = {
			isa = PBXProject;
			attributes = {
				BuildIndependentTargetsInParallel = 1;
				LastSwiftUpdateCheck = 2650;
				LastUpgradeCheck = 2650;
				TargetAttributes = {
					BDA2E86E2FDCEFAF002B9364 = {
						CreatedOnToolsVersion = 26.5;
					};
					BDA2E87B2FDCEFB0002B9364 = {
						CreatedOnToolsVersion = 26.5;
						TestTargetID = BDA2E86E2FDCEFAF002B9364;
					};
					BDA2E8852FDCEFB0002B9364 = {
						CreatedOnToolsVersion = 26.5;
						TestTargetID = BDA2E86E2FDCEFAF002B9364;
					};
				};
			};
			buildConfigurationList = BDA2E86A2FDCEFAF002B9364 /* Build configuration list for PBXProject "PathDeck" */;
			developmentRegion = en;
			hasScannedForEncodings = 0;
			knownRegions = (
				en,
				Base,
			);
			mainGroup = BDA2E8662FDCEFAF002B9364;
			minimizedProjectReferenceProxies = 1;
			packageReferences = (
				BDA2E8B02FDE4200002B9364 /* XCRemoteSwiftPackageReference "GRDB.swift" */,
			);
			preferredProjectObjectVersion = 77;
			productRefGroup = BDA2E8702FDCEFAF002B9364 /* Products */;
			projectDirPath = "";
			projectRoot = "";
			targets = (
				BDA2E86E2FDCEFAF002B9364 /* PathDeck */,
				BDA2E87B2FDCEFB0002B9364 /* PathDeckTests */,
				BDA2E8852FDCEFB0002B9364 /* PathDeckUITests */,
			);
		};
/* End PBXProject section */

/* Begin PBXResourcesBuildPhase section */
		BDA2E86D2FDCEFAF002B9364 /* Resources */ = {
			isa = PBXResourcesBuildPhase;
			buildActionMask = 2147483647;
			files = (
			);
			runOnlyForDeploymentPostprocessing = 0;
		};
		BDA2E87A2FDCEFB0002B9364 /* Resources */ = {
			isa = PBXResourcesBuildPhase;
			buildActionMask = 2147483647;
			files = (
			);
			runOnlyForDeploymentPostprocessing = 0;
		};
		BDA2E8842FDCEFB0002B9364 /* Resources */ = {
			isa = PBXResourcesBuildPhase;
			buildActionMask = 2147483647;
			files = (
			);
			runOnlyForDeploymentPostprocessing = 0;
		};
/* End PBXResourcesBuildPhase section */

/* Begin PBXSourcesBuildPhase section */
		BDA2E86B2FDCEFAF002B9364 /* Sources */ = {
			isa = PBXSourcesBuildPhase;
			buildActionMask = 2147483647;
			files = (
			);
			runOnlyForDeploymentPostprocessing = 0;
		};
		BDA2E8782FDCEFB0002B9364 /* Sources */ = {
			isa = PBXSourcesBuildPhase;
			buildActionMask = 2147483647;
			files = (
			);
			runOnlyForDeploymentPostprocessing = 0;
		};
		BDA2E8822FDCEFB0002B9364 /* Sources */ = {
			isa = PBXSourcesBuildPhase;
			buildActionMask = 2147483647;
			files = (
			);
			runOnlyForDeploymentPostprocessing = 0;
		};
/* End PBXSourcesBuildPhase section */

/* Begin PBXTargetDependency section */
		BDA2E87E2FDCEFB0002B9364 /* PBXTargetDependency */ = {
			isa = PBXTargetDependency;
			target = BDA2E86E2FDCEFAF002B9364 /* PathDeck */;
			targetProxy = BDA2E87D2FDCEFB0002B9364 /* PBXContainerItemProxy */;
		};
		BDA2E8882FDCEFB0002B9364 /* PBXTargetDependency */ = {
			isa = PBXTargetDependency;
			target = BDA2E86E2FDCEFAF002B9364 /* PathDeck */;
			targetProxy = BDA2E8872FDCEFB0002B9364 /* PBXContainerItemProxy */;
		};
/* End PBXTargetDependency section */

/* Begin XCBuildConfiguration section */
		BDA2E88E2FDCEFB0002B9364 /* Debug */ = {
			isa = XCBuildConfiguration;
			buildSettings = {
				ALWAYS_SEARCH_USER_PATHS = NO;
				ASSETCATALOG_COMPILER_GENERATE_SWIFT_ASSET_SYMBOL_EXTENSIONS = YES;
				CLANG_ANALYZER_NONNULL = YES;
				CLANG_ANALYZER_NUMBER_OBJECT_CONVERSION = YES_AGGRESSIVE;
				CLANG_CXX_LANGUAGE_STANDARD = "gnu++20";
				CLANG_ENABLE_MODULES = YES;
				CLANG_ENABLE_OBJC_ARC = YES;
				CLANG_ENABLE_OBJC_WEAK = YES;
				CLANG_WARN_BLOCK_CAPTURE_AUTORELEASING = YES;
				CLANG_WARN_BOOL_CONVERSION = YES;
				CLANG_WARN_COMMA = YES;
				CLANG_WARN_CONSTANT_CONVERSION = YES;
				CLANG_WARN_DEPRECATED_OBJC_IMPLEMENTATIONS = YES;
				CLANG_WARN_DIRECT_OBJC_ISA_USAGE = YES_ERROR;
				CLANG_WARN_DOCUMENTATION_COMMENTS = YES;
				CLANG_WARN_EMPTY_BODY = YES;
				CLANG_WARN_ENUM_CONVERSION = YES;
				CLANG_WARN_INFINITE_RECURSION = YES;
				CLANG_WARN_INT_CONVERSION = YES;
				CLANG_WARN_NON_LITERAL_NULL_CONVERSION = YES;
				CLANG_WARN_OBJC_IMPLICIT_RETAIN_SELF = YES;
				CLANG_WARN_OBJC_LITERAL_CONVERSION = YES;
				CLANG_WARN_OBJC_ROOT_CLASS = YES_ERROR;
				CLANG_WARN_QUOTED_INCLUDE_IN_FRAMEWORK_HEADER = YES;
				CLANG_WARN_RANGE_LOOP_ANALYSIS = YES;
				CLANG_WARN_STRICT_PROTOTYPES = YES;
				CLANG_WARN_SUSPICIOUS_MOVE = YES;
				CLANG_WARN_UNGUARDED_AVAILABILITY = YES_AGGRESSIVE;
				CLANG_WARN_UNREACHABLE_CODE = YES;
				CLANG_WARN__DUPLICATE_METHOD_MATCH = YES;
				COPY_PHASE_STRIP = NO;
				DEBUG_INFORMATION_FORMAT = dwarf;
				DEVELOPMENT_TEAM = L8JSZE99NB;
				ENABLE_STRICT_OBJC_MSGSEND = YES;
				ENABLE_TESTABILITY = YES;
				ENABLE_USER_SCRIPT_SANDBOXING = YES;
				GCC_C_LANGUAGE_STANDARD = gnu17;
				GCC_DYNAMIC_NO_PIC = NO;
				GCC_NO_COMMON_BLOCKS = YES;
				GCC_OPTIMIZATION_LEVEL = 0;
				GCC_PREPROCESSOR_DEFINITIONS = (
					"DEBUG=1",
					"$(inherited)",
				);
				GCC_WARN_64_TO_32_BIT_CONVERSION = YES;
				GCC_WARN_ABOUT_RETURN_TYPE = YES_ERROR;
				GCC_WARN_UNDECLARED_SELECTOR = YES;
				GCC_WARN_UNINITIALIZED_AUTOS = YES_AGGRESSIVE;
				GCC_WARN_UNUSED_FUNCTION = YES;
				GCC_WARN_UNUSED_VARIABLE = YES;
				LOCALIZATION_PREFERS_STRING_CATALOGS = YES;
				MACOSX_DEPLOYMENT_TARGET = 26.5;
				MTL_ENABLE_DEBUG_INFO = INCLUDE_SOURCE;
				MTL_FAST_MATH = YES;
				ONLY_ACTIVE_ARCH = YES;
				SDKROOT = macosx;
				SWIFT_ACTIVE_COMPILATION_CONDITIONS = "DEBUG $(inherited)";
				SWIFT_OPTIMIZATION_LEVEL = "-Onone";
			};
			name = Debug;
		};
		BDA2E88F2FDCEFB0002B9364 /* Release */ = {
			isa = XCBuildConfiguration;
			buildSettings = {
				ALWAYS_SEARCH_USER_PATHS = NO;
				ASSETCATALOG_COMPILER_GENERATE_SWIFT_ASSET_SYMBOL_EXTENSIONS = YES;
				CLANG_ANALYZER_NONNULL = YES;
				CLANG_ANALYZER_NUMBER_OBJECT_CONVERSION = YES_AGGRESSIVE;
				CLANG_CXX_LANGUAGE_STANDARD = "gnu++20";
				CLANG_ENABLE_MODULES = YES;
				CLANG_ENABLE_OBJC_ARC = YES;
				CLANG_ENABLE_OBJC_WEAK = YES;
				CLANG_WARN_BLOCK_CAPTURE_AUTORELEASING = YES;
				CLANG_WARN_BOOL_CONVERSION = YES;
				CLANG_WARN_COMMA = YES;
				CLANG_WARN_CONSTANT_CONVERSION = YES;
				CLANG_WARN_DEPRECATED_OBJC_IMPLEMENTATIONS = YES;
				CLANG_WARN_DIRECT_OBJC_ISA_USAGE = YES_ERROR;
				CLANG_WARN_DOCUMENTATION_COMMENTS = YES;
				CLANG_WARN_EMPTY_BODY = YES;
				CLANG_WARN_ENUM_CONVERSION = YES;
				CLANG_WARN_INFINITE_RECURSION = YES;
				CLANG_WARN_INT_CONVERSION = YES;
				CLANG_WARN_NON_LITERAL_NULL_CONVERSION = YES;
				CLANG_WARN_OBJC_IMPLICIT_RETAIN_SELF = YES;
				CLANG_WARN_OBJC_LITERAL_CONVERSION = YES;
				CLANG_WARN_OBJC_ROOT_CLASS = YES_ERROR;
				CLANG_WARN_QUOTED_INCLUDE_IN_FRAMEWORK_HEADER = YES;
				CLANG_WARN_RANGE_LOOP_ANALYSIS = YES;
				CLANG_WARN_STRICT_PROTOTYPES = YES;
				CLANG_WARN_SUSPICIOUS_MOVE = YES;
				CLANG_WARN_UNGUARDED_AVAILABILITY = YES_AGGRESSIVE;
				CLANG_WARN_UNREACHABLE_CODE = YES;
				CLANG_WARN__DUPLICATE_METHOD_MATCH = YES;
				COPY_PHASE_STRIP = NO;
				DEBUG_INFORMATION_FORMAT = "dwarf-with-dsym";
				DEVELOPMENT_TEAM = L8JSZE99NB;
				ENABLE_NS_ASSERTIONS = NO;
				ENABLE_STRICT_OBJC_MSGSEND = YES;
				ENABLE_USER_SCRIPT_SANDBOXING = YES;
				GCC_C_LANGUAGE_STANDARD = gnu17;
				GCC_NO_COMMON_BLOCKS = YES;
				GCC_WARN_64_TO_32_BIT_CONVERSION = YES;
				GCC_WARN_ABOUT_RETURN_TYPE = YES_ERROR;
				GCC_WARN_UNDECLARED_SELECTOR = YES;
				GCC_WARN_UNINITIALIZED_AUTOS = YES_AGGRESSIVE;
				GCC_WARN_UNUSED_FUNCTION = YES;
				GCC_WARN_UNUSED_VARIABLE = YES;
				LOCALIZATION_PREFERS_STRING_CATALOGS = YES;
				MACOSX_DEPLOYMENT_TARGET = 26.5;
				MTL_ENABLE_DEBUG_INFO = NO;
				MTL_FAST_MATH = YES;
				SDKROOT = macosx;
				SWIFT_COMPILATION_MODE = wholemodule;
			};
			name = Release;
		};
		BDA2E8912FDCEFB0002B9364 /* Debug */ = {
			isa = XCBuildConfiguration;
			buildSettings = {
				ASSETCATALOG_COMPILER_APPICON_NAME = AppIcon;
				ASSETCATALOG_COMPILER_GLOBAL_ACCENT_COLOR_NAME = AccentColor;
				CODE_SIGN_STYLE = Automatic;
				COMBINE_HIDPI_IMAGES = YES;
				CURRENT_PROJECT_VERSION = 1;
				DEVELOPMENT_TEAM = L8JSZE99NB;
				ENABLE_APP_SANDBOX = NO;
				ENABLE_HARDENED_RUNTIME = YES;
				ENABLE_PREVIEWS = YES;
				FRAMEWORK_SEARCH_PATHS = (
					"$(inherited)",
					"$(PROJECT_DIR)/vendor",
				);
				GENERATE_INFOPLIST_FILE = YES;
				INFOPLIST_KEY_NSHumanReadableCopyright = "";
				LD_RUNPATH_SEARCH_PATHS = (
					"$(inherited)",
					"@executable_path/../Frameworks",
				);
				MARKETING_VERSION = 1.0;
				OTHER_LDFLAGS = (
					"-lc++",
					"-framework",
					Metal,
					"-framework",
					QuartzCore,
					"-framework",
					IOSurface,
					"-framework",
					UniformTypeIdentifiers,
					"-framework",
					Carbon,
				);
				PRODUCT_BUNDLE_IDENTIFIER = in.riverflows.PathDeck;
				PRODUCT_NAME = "$(TARGET_NAME)";
				REGISTER_APP_GROUPS = YES;
				STRING_CATALOG_GENERATE_SYMBOLS = YES;
				SWIFT_APPROACHABLE_CONCURRENCY = YES;
				SWIFT_DEFAULT_ACTOR_ISOLATION = MainActor;
				SWIFT_EMIT_LOC_STRINGS = YES;
				SWIFT_UPCOMING_FEATURE_MEMBER_IMPORT_VISIBILITY = YES;
				SWIFT_VERSION = 5.0;
			};
			name = Debug;
		};
		BDA2E8922FDCEFB0002B9364 /* Release */ = {
			isa = XCBuildConfiguration;
			buildSettings = {
				ASSETCATALOG_COMPILER_APPICON_NAME = AppIcon;
				ASSETCATALOG_COMPILER_GLOBAL_ACCENT_COLOR_NAME = AccentColor;
				CODE_SIGN_STYLE = Automatic;
				COMBINE_HIDPI_IMAGES = YES;
				CURRENT_PROJECT_VERSION = 1;
				DEVELOPMENT_TEAM = L8JSZE99NB;
				ENABLE_APP_SANDBOX = NO;
				ENABLE_HARDENED_RUNTIME = YES;
				ENABLE_PREVIEWS = YES;
				FRAMEWORK_SEARCH_PATHS = (
					"$(inherited)",
					"$(PROJECT_DIR)/vendor",
				);
				GENERATE_INFOPLIST_FILE = YES;
				INFOPLIST_KEY_NSHumanReadableCopyright = "";
				LD_RUNPATH_SEARCH_PATHS = (
					"$(inherited)",
					"@executable_path/../Frameworks",
				);
				MARKETING_VERSION = 1.0;
				OTHER_LDFLAGS = (
					"-lc++",
					"-framework",
					Metal,
					"-framework",
					QuartzCore,
					"-framework",
					IOSurface,
					"-framework",
					UniformTypeIdentifiers,
					"-framework",
					Carbon,
				);
				PRODUCT_BUNDLE_IDENTIFIER = in.riverflows.PathDeck;
				PRODUCT_NAME = "$(TARGET_NAME)";
				REGISTER_APP_GROUPS = YES;
				STRING_CATALOG_GENERATE_SYMBOLS = YES;
				SWIFT_APPROACHABLE_CONCURRENCY = YES;
				SWIFT_DEFAULT_ACTOR_ISOLATION = MainActor;
				SWIFT_EMIT_LOC_STRINGS = YES;
				SWIFT_UPCOMING_FEATURE_MEMBER_IMPORT_VISIBILITY = YES;
				SWIFT_VERSION = 5.0;
			};
			name = Release;
		};
		BDA2E8942FDCEFB0002B9364 /* Debug */ = {
			isa = XCBuildConfiguration;
			buildSettings = {
				BUNDLE_LOADER = "$(TEST_HOST)";
				CODE_SIGN_STYLE = Automatic;
				CURRENT_PROJECT_VERSION = 1;
				DEVELOPMENT_TEAM = L8JSZE99NB;
				GENERATE_INFOPLIST_FILE = YES;
				MACOSX_DEPLOYMENT_TARGET = 26.5;
				MARKETING_VERSION = 1.0;
				PRODUCT_BUNDLE_IDENTIFIER = in.riverflows.PathDeckTests;
				PRODUCT_NAME = "$(TARGET_NAME)";
				STRING_CATALOG_GENERATE_SYMBOLS = NO;
				SWIFT_APPROACHABLE_CONCURRENCY = YES;
				SWIFT_EMIT_LOC_STRINGS = NO;
				SWIFT_UPCOMING_FEATURE_MEMBER_IMPORT_VISIBILITY = YES;
				SWIFT_VERSION = 5.0;
				TEST_HOST = "$(BUILT_PRODUCTS_DIR)/PathDeck.app/$(BUNDLE_EXECUTABLE_FOLDER_PATH)/PathDeck";
			};
			name = Debug;
		};
		BDA2E8952FDCEFB0002B9364 /* Release */ = {
			isa = XCBuildConfiguration;
			buildSettings = {
				BUNDLE_LOADER = "$(TEST_HOST)";
				CODE_SIGN_STYLE = Automatic;
				CURRENT_PROJECT_VERSION = 1;
				DEVELOPMENT_TEAM = L8JSZE99NB;
				GENERATE_INFOPLIST_FILE = YES;
				MACOSX_DEPLOYMENT_TARGET = 26.5;
				MARKETING_VERSION = 1.0;
				PRODUCT_BUNDLE_IDENTIFIER = in.riverflows.PathDeckTests;
				PRODUCT_NAME = "$(TARGET_NAME)";
				STRING_CATALOG_GENERATE_SYMBOLS = NO;
				SWIFT_APPROACHABLE_CONCURRENCY = YES;
				SWIFT_EMIT_LOC_STRINGS = NO;
				SWIFT_UPCOMING_FEATURE_MEMBER_IMPORT_VISIBILITY = YES;
				SWIFT_VERSION = 5.0;
				TEST_HOST = "$(BUILT_PRODUCTS_DIR)/PathDeck.app/$(BUNDLE_EXECUTABLE_FOLDER_PATH)/PathDeck";
			};
			name = Release;
		};
		BDA2E8972FDCEFB0002B9364 /* Debug */ = {
			isa = XCBuildConfiguration;
			buildSettings = {
				CODE_SIGN_STYLE = Automatic;
				CURRENT_PROJECT_VERSION = 1;
				DEVELOPMENT_TEAM = L8JSZE99NB;
				GENERATE_INFOPLIST_FILE = YES;
				MARKETING_VERSION = 1.0;
				PRODUCT_BUNDLE_IDENTIFIER = in.riverflows.PathDeckUITests;
				PRODUCT_NAME = "$(TARGET_NAME)";
				STRING_CATALOG_GENERATE_SYMBOLS = NO;
				SWIFT_APPROACHABLE_CONCURRENCY = YES;
				SWIFT_EMIT_LOC_STRINGS = NO;
				SWIFT_UPCOMING_FEATURE_MEMBER_IMPORT_VISIBILITY = YES;
				SWIFT_VERSION = 5.0;
				TEST_TARGET_NAME = PathDeck;
			};
			name = Debug;
		};
		BDA2E8982FDCEFB0002B9364 /* Release */ = {
			isa = XCBuildConfiguration;
			buildSettings = {
				CODE_SIGN_STYLE = Automatic;
				CURRENT_PROJECT_VERSION = 1;
				DEVELOPMENT_TEAM = L8JSZE99NB;
				GENERATE_INFOPLIST_FILE = YES;
				MARKETING_VERSION = 1.0;
				PRODUCT_BUNDLE_IDENTIFIER = in.riverflows.PathDeckUITests;
				PRODUCT_NAME = "$(TARGET_NAME)";
				STRING_CATALOG_GENERATE_SYMBOLS = NO;
				SWIFT_APPROACHABLE_CONCURRENCY = YES;
				SWIFT_EMIT_LOC_STRINGS = NO;
				SWIFT_UPCOMING_FEATURE_MEMBER_IMPORT_VISIBILITY = YES;
				SWIFT_VERSION = 5.0;
				TEST_TARGET_NAME = PathDeck;
			};
			name = Release;
		};
/* End XCBuildConfiguration section */

/* Begin XCConfigurationList section */
		BDA2E86A2FDCEFAF002B9364 /* Build configuration list for PBXProject "PathDeck" */ = {
			isa = XCConfigurationList;
			buildConfigurations = (
				BDA2E88E2FDCEFB0002B9364 /* Debug */,
				BDA2E88F2FDCEFB0002B9364 /* Release */,
			);
			defaultConfigurationIsVisible = 0;
			defaultConfigurationName = Release;
		};
		BDA2E8902FDCEFB0002B9364 /* Build configuration list for PBXNativeTarget "PathDeck" */ = {
			isa = XCConfigurationList;
			buildConfigurations = (
				BDA2E8912FDCEFB0002B9364 /* Debug */,
				BDA2E8922FDCEFB0002B9364 /* Release */,
			);
			defaultConfigurationIsVisible = 0;
			defaultConfigurationName = Release;
		};
		BDA2E8932FDCEFB0002B9364 /* Build configuration list for PBXNativeTarget "PathDeckTests" */ = {
			isa = XCConfigurationList;
			buildConfigurations = (
				BDA2E8942FDCEFB0002B9364 /* Debug */,
				BDA2E8952FDCEFB0002B9364 /* Release */,
			);
			defaultConfigurationIsVisible = 0;
			defaultConfigurationName = Release;
		};
		BDA2E8962FDCEFB0002B9364 /* Build configuration list for PBXNativeTarget "PathDeckUITests" */ = {
			isa = XCConfigurationList;
			buildConfigurations = (
				BDA2E8972FDCEFB0002B9364 /* Debug */,
				BDA2E8982FDCEFB0002B9364 /* Release */,
			);
			defaultConfigurationIsVisible = 0;
			defaultConfigurationName = Release;
		};
/* End XCConfigurationList section */

/* Begin XCRemoteSwiftPackageReference section */
		BDA2E8B02FDE4200002B9364 /* XCRemoteSwiftPackageReference "GRDB.swift" */ = {
			isa = XCRemoteSwiftPackageReference;
			repositoryURL = "https://github.com/groue/GRDB.swift";
			requirement = {
				kind = upToNextMajorVersion;
				minimumVersion = 7.0.0;
			};
		};
/* End XCRemoteSwiftPackageReference section */

/* Begin XCSwiftPackageProductDependency section */
		BDA2E8B12FDE4200002B9364 /* GRDB */ = {
			isa = XCSwiftPackageProductDependency;
			package = BDA2E8B02FDE4200002B9364 /* XCRemoteSwiftPackageReference "GRDB.swift" */;
			productName = GRDB;
		};
/* End XCSwiftPackageProductDependency section */
	};
	rootObject = BDA2E8672FDCEFAF002B9364 /* Project object */;
}
